
Microsoft Visual Studio Solution File, Format Version 12.00
# Visual Studio Version 16
VisualStudioVersion = 16.0.30128.74
MinimumVisualStudioVersion = 10.0.40219.1
Project("{8BC9CEB8-8B4A-11D0-8D11-00A0C91BC942}") = "Draw_Color", "Draw_Color\Draw_Color.vcxproj", "{ED248215-924F-484A-805E-A6DC1D10D23F}"
EndProject
Global
	GlobalSection(SolutionConfigurationPlatforms) = preSolution
		Debug|x64 = Debug|x64
		Debug|x86 = Debug|x86
		Release|x64 = Release|x64
		Release|x86 = Release|x86
	EndGlobalSection
	GlobalSection(ProjectConfigurationPlatforms) = postSolution
		{ED248215-924F-484A-805E-A6DC1D10D23F}.Debug|x64.ActiveCfg = Debug|x64
		{ED248215-924F-484A-805E-A6DC1D10D23F}.Debug|x64.Build.0 = Debug|x64
		{ED248215-924F-484A-805E-A6DC1D10D23F}.Debug|x86.ActiveCfg = Debug|Win32
		{ED248215-924F-484A-805E-A6DC1D10D23F}.Debug|x86.Build.0 = Debug|Win32
		{ED248215-924F-484A-805E-A6DC1D10D23F}.Release|x64.ActiveCfg = Release|x64
		{ED248215-924F-484A-805E-A6DC1D10D23F}.Release|x64.Build.0 = Release|x64
		{ED248215-924F-484A-805E-A6DC1D10D23F}.Release|x86.ActiveCfg = Release|Win32
		{ED248215-924F-484A-805E-A6DC1D10D23F}.Release|x86.Build.0 = Release|Win32
	EndGlobalSection
	GlobalSection(SolutionProperties) = preSolution
		HideSolutionNode = FALSE
	EndGlobalSection
	GlobalSection(ExtensibilityGlobals) = postSolution
		SolutionGuid = {1A149960-DBFE-4D10-A989-B12946C3BCE0}
	EndGlobalSection
EndGlobal
